
Microsoft Visual Studio Solution File, Format Version 12.00
# Visual Studio Version 16
VisualStudioVersion = 16.0.30711.63
MinimumVisualStudioVersion = 10.0.40219.1
Project("{FAE04EC0-301F-11D3-BF4B-00C04F79EFBC}") = "Задание 1", "Задание 1.csproj", "{390AECE4-A1D0-43B8-BF51-5577621958EF}"
EndProject
Project("{FAE04EC0-301F-11D3-BF4B-00C04F79EFBC}") = "Задание 2", "..\Задание 2\WindowsFormsApp1\Задание 2.csproj", "{299CD479-0B8D-46B7-ACD1-834D2DABF174}"
EndProject
Project("{FAE04EC0-301F-11D3-BF4B-00C04F79EFBC}") = "Задание 3", "..\Задание 3\Задание 3.csproj", "{49B1B209-5FE8-4E7D-9E24-D30BD173193A}"
EndProject
Project("{FAE04EC0-301F-11D3-BF4B-00C04F79EFBC}") = "Задание 4(10)", "..\Задание 4(10)\Задание 4(10).csproj", "{512CD8E4-BF80-4158-A2F0-BA9F8E4E05FE}"
EndProject
Project("{FAE04EC0-301F-11D3-BF4B-00C04F79EFBC}") = "Задание 5(13)", "..\Задание 5(13)\Задание 5(13).csproj", "{A35D5757-3526-430F-8E4C-33526C19FA06}"
EndProject
Global
	GlobalSection(SolutionConfigurationPlatforms) = preSolution
		Debug|Any CPU = Debug|Any CPU
		Release|Any CPU = Release|Any CPU
	EndGlobalSection
	GlobalSection(ProjectConfigurationPlatforms) = postSolution
		{390AECE4-A1D0-43B8-BF51-5577621958EF}.Debug|Any CPU.ActiveCfg = Debug|Any CPU
		{390AECE4-A1D0-43B8-BF51-5577621958EF}.Debug|Any CPU.Build.0 = Debug|Any CPU
		{390AECE4-A1D0-43B8-BF51-5577621958EF}.Release|Any CPU.ActiveCfg = Release|Any CPU
		{390AECE4-A1D0-43B8-BF51-5577621958EF}.Release|Any CPU.Build.0 = Release|Any CPU
		{299CD479-0B8D-46B7-ACD1-834D2DABF174}.Debug|Any CPU.ActiveCfg = Debug|Any CPU
		{299CD479-0B8D-46B7-ACD1-834D2DABF174}.Debug|Any CPU.Build.0 = Debug|Any CPU
		{299CD479-0B8D-46B7-ACD1-834D2DABF174}.Release|Any CPU.ActiveCfg = Release|Any CPU
		{299CD479-0B8D-46B7-ACD1-834D2DABF174}.Release|Any CPU.Build.0 = Release|Any CPU
		{49B1B209-5FE8-4E7D-9E24-D30BD173193A}.Debug|Any CPU.ActiveCfg = Debug|Any CPU
		{49B1B209-5FE8-4E7D-9E24-D30BD173193A}.Debug|Any CPU.Build.0 = Debug|Any CPU
		{49B1B209-5FE8-4E7D-9E24-D30BD173193A}.Release|Any CPU.ActiveCfg = Release|Any CPU
		{49B1B209-5FE8-4E7D-9E24-D30BD173193A}.Release|Any CPU.Build.0 = Release|Any CPU
		{512CD8E4-BF80-4158-A2F0-BA9F8E4E05FE}.Debug|Any CPU.ActiveCfg = Debug|Any CPU
		{512CD8E4-BF80-4158-A2F0-BA9F8E4E05FE}.Debug|Any CPU.Build.0 = Debug|Any CPU
		{512CD8E4-BF80-4158-A2F0-BA9F8E4E05FE}.Release|Any CPU.ActiveCfg = Release|Any CPU
		{512CD8E4-BF80-4158-A2F0-BA9F8E4E05FE}.Release|Any CPU.Build.0 = Release|Any CPU
		{A35D5757-3526-430F-8E4C-33526C19FA06}.Debug|Any CPU.ActiveCfg = Debug|Any CPU
		{A35D5757-3526-430F-8E4C-33526C19FA06}.Debug|Any CPU.Build.0 = Debug|Any CPU
		{A35D5757-3526-430F-8E4C-33526C19FA06}.Release|Any CPU.ActiveCfg = Release|Any CPU
		{A35D5757-3526-430F-8E4C-33526C19FA06}.Release|Any CPU.Build.0 = Release|Any CPU
	EndGlobalSection
	GlobalSection(SolutionProperties) = preSolution
		HideSolutionNode = FALSE
	EndGlobalSection
	GlobalSection(ExtensibilityGlobals) = postSolution
		SolutionGuid = {F2BF34C1-801D-46FC-8191-DCF12C4F56F8}
	EndGlobalSection
EndGlobal
