
Microsoft Visual Studio Solution File, Format Version 12.00
# Visual Studio Version 16
VisualStudioVersion = 16.0.29709.97
MinimumVisualStudioVersion = 10.0.40219.1
Project("{FAE04EC0-301F-11D3-BF4B-00C04F79EFBC}") = "Практическая 10_2", "Практическая 10_2.csproj", "{B776FFAD-D1FD-4217-870D-862D2F7B31B1}"
EndProject
Global
	GlobalSection(SolutionConfigurationPlatforms) = preSolution
		Debug|Any CPU = Debug|Any CPU
		Release|Any CPU = Release|Any CPU
	EndGlobalSection
	GlobalSection(ProjectConfigurationPlatforms) = postSolution
		{B776FFAD-D1FD-4217-870D-862D2F7B31B1}.Debug|Any CPU.ActiveCfg = Debug|Any CPU
		{B776FFAD-D1FD-4217-870D-862D2F7B31B1}.Debug|Any CPU.Build.0 = Debug|Any CPU
		{B776FFAD-D1FD-4217-870D-862D2F7B31B1}.Release|Any CPU.ActiveCfg = Release|Any CPU
		{B776FFAD-D1FD-4217-870D-862D2F7B31B1}.Release|Any CPU.Build.0 = Release|Any CPU
	EndGlobalSection
	GlobalSection(SolutionProperties) = preSolution
		HideSolutionNode = FALSE
	EndGlobalSection
	GlobalSection(ExtensibilityGlobals) = postSolution
		SolutionGuid = {BAB69CAA-3C8A-4687-BCB0-1EDFB7E48D93}
	EndGlobalSection
EndGlobal
